// !$*UTF8*$!
{
	archiveVersion = 1;
	classes = {
	};
	objectVersion = 50;
	objects = {

/* Begin PBXBuildFile section */
		28ED58F623B791F900B91A80 /* AppDelegate.swift in Sources */ = {isa = PBXBuildFile; fileRef = 28ED58F523B791F900B91A80 /* AppDelegate.swift */; };
		28ED58F823B791F900B91A80 /* SceneDelegate.swift in Sources */ = {isa = PBXBuildFile; fileRef = 28ED58F723B791F900B91A80 /* SceneDelegate.swift */; };
		28ED58FA23B791F900B91A80 /* ContentView.swift in Sources */ = {isa = PBXBuildFile; fileRef = 28ED58F923B791F900B91A80 /* ContentView.swift */; };
		28ED58FC23B791FC00B91A80 /* Assets.xcassets in Resources */ = {isa = PBXBuildFile; fileRef = 28ED58FB23B791FC00B91A80 /* Assets.xcassets */; };
		28ED58FF23B791FC00B91A80 /* Preview Assets.xcassets in Resources */ = {isa = PBXBuildFile; fileRef = 28ED58FE23B791FC00B91A80 /* Preview Assets.xcassets */; };
		28ED590223B791FC00B91A80 /* LaunchScreen.storyboard in Resources */ = {isa = PBXBuildFile; fileRef = 28ED590023B791FC00B91A80 /* LaunchScreen.storyboard */; };
/* End PBXBuildFile section */

/* Begin PBXFileReference section */
		28ED58F223B791F900B91A80 /* Studyborne2.app */ = {isa = PBXFileReference; explicitFileType = wrapper.application; includeInIndex = 0; path = Studyborne2.app; sourceTree = BUILT_PRODUCTS_DIR; };
		28ED58F523B791F900B91A80 /* AppDelegate.swift */ = {isa = PBXFileReference; lastKnownFileType = sourcecode.swift; path = AppDelegate.swift; sourceTree = "<group>"; };
		28ED58F723B791F900B91A80 /* SceneDelegate.swift */ = {isa = PBXFileReference; lastKnownFileType = sourcecode.swift; path = SceneDelegate.swift; sourceTree = "<group>"; };
		28ED58F923B791F900B91A80 /* ContentView.swift */ = {isa = PBXFileReference; lastKnownFileType = sourcecode.swift; path = ContentView.swift; sourceTree = "<group>"; };
		28ED58FB23B791FC00B91A80 /* Assets.xcassets */ = {isa = PBXFileReference; lastKnownFileType = folder.assetcatalog; path = Assets.xcassets; sourceTree = "<group>"; };
		28ED58FE23B791FC00B91A80 /* Preview Assets.xcassets */ = {isa = PBXFileReference; lastKnownFileType = folder.assetcatalog; path = "Preview Assets.xcassets"; sourceTree = "<group>"; };
		28ED590123B791FC00B91A80 /* Base */ = {isa = PBXFileReference; lastKnownFileType = file.storyboard; name = Base; path = Base.lproj/LaunchScreen.storyboard; sourceTree = "<group>"; };
		28ED590323B791FC00B91A80 /* Info.plist */ = {isa = PBXFileReference; lastKnownFileType = text.plist.xml; path = Info.plist; sourceTree = "<group>"; };
/* End PBXFileReference section */

/* Begin PBXFrameworksBuildPhase section */
		28ED58EF23B791F900B91A80 /* Frameworks */ = {
			isa = PBXFrameworksBuildPhase;
			buildActionMask = 2147483647;
			files = (
			);
			runOnlyForDeploymentPostprocessing = 0;
		};
/* End PBXFrameworksBuildPhase section */

/* Begin PBXGroup section */
		28ED58E923B791F900B91A80 = {
			isa = PBXGroup;
			children = (
				28ED58F423B791F900B91A80 /* Studyborne2 */,
				28ED58F323B791F900B91A80 /* Products */,
			);
			sourceTree = "<group>";
		};
		28ED58F323B791F900B91A80 /* Products */ = {
			isa = PBXGroup;
			children = (
				28ED58F223B791F900B91A80 /* Studyborne2.app */,
			);
			name = Products;
			sourceTree = "<group>";
		};
		28ED58F423B791F900B91A80 /* Studyborne2 */ = {
			isa = PBXGroup;
			children = (
				28ED58F523B791F900B91A80 /* AppDelegate.swift */,
				28ED58F723B791F900B91A80 /* SceneDelegate.swift */,
				28ED58F923B791F900B91A80 /* ContentView.swift */,
				28ED58FB23B791FC00B91A80 /* Assets.xcassets */,
				28ED590023B791FC00B91A80 /* LaunchScreen.storyboard */,
				28ED590323B791FC00B91A80 /* Info.plist */,
				28ED58FD23B791FC00B91A80 /* Preview Content */,
			);
			path = Studyborne2;
			sourceTree = "<group>";
		};
		28ED58FD23B791FC00B91A80 /* Preview Content */ = {
			isa = PBXGroup;
			children = (
				28ED58FE23B791FC00B91A80 /* Preview Assets.xcassets */,
			);
			path = "Preview Content";
			sourceTree = "<group>";
		};
/* End PBXGroup section */

/* Begin PBXNativeTarget section */
		28ED58F123B791F900B91A80 /* Studyborne2 */ = {
			isa = PBXNativeTarget;
			buildConfigurationList = 28ED590623B791FC00B91A80 /* Build configuration list for PBXNativeTarget "Studyborne2" */;
			buildPhases = (
				28ED58EE23B791F900B91A80 /* Sources */,
				28ED58EF23B791F900B91A80 /* Frameworks */,
				28ED58F023B791F900B91A80 /* Resources */,
			);
			buildRules = (
			);
			dependencies = (
			);
			name = Studyborne2;
			productName = Studyborne2;
			productReference = 28ED58F223B791F900B91A80 /* Studyborne2.app */;
			productType = "com.apple.product-type.application";
		};
/* End PBXNativeTarget section */

/* Begin PBXProject section */
		28ED58EA23B791F900B91A80 /* Project object */ = {
			isa = PBXProject;
			attributes = {
				LastSwiftUpdateCheck = 1130;
				LastUpgradeCheck = 1130;
				ORGANIZATIONNAME = Tix;
				TargetAttributes = {
					28ED58F123B791F900B91A80 = {
						CreatedOnToolsVersion = 11.3;
					};
				};
			};
			buildConfigurationList = 28ED58ED23B791F900B91A80 /* Build configuration list for PBXProject "Studyborne2" */;
			compatibilityVersion = "Xcode 9.3";
			developmentRegion = en;
			hasScannedForEncodings = 0;
			knownRegions = (
				en,
				Base,
			);
			mainGroup = 28ED58E923B791F900B91A80;
			productRefGroup = 28ED58F323B791F900B91A80 /* Products */;
			projectDirPath = "";
			projectRoot = "";
			targets = (
				28ED58F123B791F900B91A80 /* Studyborne2 */,
			);
		};
/* End PBXProject section */

/* Begin PBXResourcesBuildPhase section */
		28ED58F023B791F900B91A80 /* Resources */ = {
			isa = PBXResourcesBuildPhase;
			buildActionMask = 2147483647;
			files = (
				28ED590223B791FC00B91A80 /* LaunchScreen.storyboard in Resources */,
				28ED58FF23B791FC00B91A80 /* Preview Assets.xcassets in Resources */,
				28ED58FC23B791FC00B91A80 /* Assets.xcassets in Resources */,
			);
			runOnlyForDeploymentPostprocessing = 0;
		};
/* End PBXResourcesBuildPhase section */

/* Begin PBXSourcesBuildPhase section */
		28ED58EE23B791F900B91A80 /* Sources */ = {
			isa = PBXSourcesBuildPhase;
			buildActionMask = 2147483647;
			files = (
				28ED58F623B791F900B91A80 /* AppDelegate.swift in Sources */,
				28ED58F823B791F900B91A80 /* SceneDelegate.swift in Sources */,
				28ED58FA23B791F900B91A80 /* ContentView.swift in Sources */,
			);
			runOnlyForDeploymentPostprocessing = 0;
		};
/* End PBXSourcesBuildPhase section */

/* Begin PBXVariantGroup section */
		28ED590023B791FC00B91A80 /* LaunchScreen.storyboard */ = {
			isa = PBXVariantGroup;
			children = (
				28ED590123B791FC00B91A80 /* Base */,
			);
			name = LaunchScreen.storyboard;
			sourceTree = "<group>";
		};
/* End PBXVariantGroup section */

/* Begin XCBuildConfiguration section */
		28ED590423B791FC00B91A80 /* Debug */ = {
			isa = XCBuildConfiguration;
			buildSettings = {
				ALWAYS_SEARCH_USER_PATHS = NO;
				CLANG_ANALYZER_NONNULL = YES;
				CLANG_ANALYZER_NUMBER_OBJECT_CONVERSION = YES_AGGRESSIVE;
				CLANG_CXX_LANGUAGE_STANDARD = "gnu++14";
				CLANG_CXX_LIBRARY = "libc++";
				CLANG_ENABLE_MODULES = YES;
				CLANG_ENABLE_OBJC_ARC = YES;
				CLANG_ENABLE_OBJC_WEAK = YES;
				CLANG_WARN_BLOCK_CAPTURE_AUTORELEASING = YES;
				CLANG_WARN_BOOL_CONVERSION = YES;
				CLANG_WARN_COMMA = YES;
				CLANG_WARN_CONSTANT_CONVERSION = YES;
				CLANG_WARN_DEPRECATED_OBJC_IMPLEMENTATIONS = YES;
				CLANG_WARN_DIRECT_OBJC_ISA_USAGE = YES_ERROR;
				CLANG_WARN_DOCUMENTATION_COMMENTS = YES;
				CLANG_WARN_EMPTY_BODY = YES;
				CLANG_WARN_ENUM_CONVERSION = YES;
				CLANG_WARN_INFINITE_RECURSION = YES;
				CLANG_WARN_INT_CONVERSION = YES;
				CLANG_WARN_NON_LITERAL_NULL_CONVERSION = YES;
				CLANG_WARN_OBJC_IMPLICIT_RETAIN_SELF = YES;
				CLANG_WARN_OBJC_LITERAL_CONVERSION = YES;
				CLANG_WARN_OBJC_ROOT_CLASS = YES_ERROR;
				CLANG_WARN_RANGE_LOOP_ANALYSIS = YES;
				CLANG_WARN_STRICT_PROTOTYPES = YES;
				CLANG_WARN_SUSPICIOUS_MOVE = YES;
				CLANG_WARN_UNGUARDED_AVAILABILITY = YES_AGGRESSIVE;
				CLANG_WARN_UNREACHABLE_CODE = YES;
				CLANG_WARN__DUPLICATE_METHOD_MATCH = YES;
				COPY_PHASE_STRIP = NO;
				DEBUG_INFORMATION_FORMAT = dwarf;
				ENABLE_STRICT_OBJC_MSGSEND = YES;
				ENABLE_TESTABILITY = YES;
				GCC_C_LANGUAGE_STANDARD = gnu11;
				GCC_DYNAMIC_NO_PIC = NO;
				GCC_NO_COMMON_BLOCKS = YES;
				GCC_OPTIMIZATION_LEVEL = 0;
				GCC_PREPROCESSOR_DEFINITIONS = (
					"DEBUG=1",
					"$(inherited)",
				);
				GCC_WARN_64_TO_32_BIT_CONVERSION = YES;
				GCC_WARN_ABOUT_RETURN_TYPE = YES_ERROR;
				GCC_WARN_UNDECLARED_SELECTOR = YES;
				GCC_WARN_UNINITIALIZED_AUTOS = YES_AGGRESSIVE;
				GCC_WARN_UNUSED_FUNCTION = YES;
				GCC_WARN_UNUSED_VARIABLE = YES;
				IPHONEOS_DEPLOYMENT_TARGET = 13.2;
				MTL_ENABLE_DEBUG_INFO = INCLUDE_SOURCE;
				MTL_FAST_MATH = YES;
				ONLY_ACTIVE_ARCH = YES;
				SDKROOT = iphoneos;
				SWIFT_ACTIVE_COMPILATION_CONDITIONS = DEBUG;
				SWIFT_OPTIMIZATION_LEVEL = "-Onone";
			};
			name = Debug;
		};
		28ED590523B791FC00B91A80 /* Release */ = {
			isa = XCBuildConfiguration;
			buildSettings = {
				ALWAYS_SEARCH_USER_PATHS = NO;
				CLANG_ANALYZER_NONNULL = YES;
				CLANG_ANALYZER_NUMBER_OBJECT_CONVERSION = YES_AGGRESSIVE;
				CLANG_CXX_LANGUAGE_STANDARD = "gnu++14";
				CLANG_CXX_LIBRARY = "libc++";
				CLANG_ENABLE_MODULES = YES;
				CLANG_ENABLE_OBJC_ARC = YES;
				CLANG_ENABLE_OBJC_WEAK = YES;
				CLANG_WARN_BLOCK_CAPTURE_AUTORELEASING = YES;
				CLANG_WARN_BOOL_CONVERSION = YES;
				CLANG_WARN_COMMA = YES;
				CLANG_WARN_CONSTANT_CONVERSION = YES;
				CLANG_WARN_DEPRECATED_OBJC_IMPLEMENTATIONS = YES;
				CLANG_WARN_DIRECT_OBJC_ISA_USAGE = YES_ERROR;
				CLANG_WARN_DOCUMENTATION_COMMENTS = YES;
				CLANG_WARN_EMPTY_BODY = YES;
				CLANG_WARN_ENUM_CONVERSION = YES;
				CLANG_WARN_INFINITE_RECURSION = YES;
				CLANG_WARN_INT_CONVERSION = YES;
				CLANG_WARN_NON_LITERAL_NULL_CONVERSION = YES;
				CLANG_WARN_OBJC_IMPLICIT_RETAIN_SELF = YES;
				CLANG_WARN_OBJC_LITERAL_CONVERSION = YES;
				CLANG_WARN_OBJC_ROOT_CLASS = YES_ERROR;
				CLANG_WARN_RANGE_LOOP_ANALYSIS = YES;
				CLANG_WARN_STRICT_PROTOTYPES = YES;
				CLANG_WARN_SUSPICIOUS_MOVE = YES;
				CLANG_WARN_UNGUARDED_AVAILABILITY = YES_AGGRESSIVE;
				CLANG_WARN_UNREACHABLE_CODE = YES;
				CLANG_WARN__DUPLICATE_METHOD_MATCH = YES;
				COPY_PHASE_STRIP = NO;
				DEBUG_INFORMATION_FORMAT = "dwarf-with-dsym";
				ENABLE_NS_ASSERTIONS = NO;
				ENABLE_STRICT_OBJC_MSGSEND = YES;
				GCC_C_LANGUAGE_STANDARD = gnu11;
				GCC_NO_COMMON_BLOCKS = YES;
				GCC_WARN_64_TO_32_BIT_CONVERSION = YES;
				GCC_WARN_ABOUT_RETURN_TYPE = YES_ERROR;
				GCC_WARN_UNDECLARED_SELECTOR = YES;
				GCC_WARN_UNINITIALIZED_AUTOS = YES_AGGRESSIVE;
				GCC_WARN_UNUSED_FUNCTION = YES;
				GCC_WARN_UNUSED_VARIABLE = YES;
				IPHONEOS_DEPLOYMENT_TARGET = 13.2;
				MTL_ENABLE_DEBUG_INFO = NO;
				MTL_FAST_MATH = YES;
				SDKROOT = iphoneos;
				SWIFT_COMPILATION_MODE = wholemodule;
				SWIFT_OPTIMIZATION_LEVEL = "-O";
				VALIDATE_PRODUCT = YES;
			};
			name = Release;
		};
		28ED590723B791FC00B91A80 /* Debug */ = {
			isa = XCBuildConfiguration;
			buildSettings = {
				ASSETCATALOG_COMPILER_APPICON_NAME = AppIcon;
				CODE_SIGN_STYLE = Automatic;
				DEVELOPMENT_ASSET_PATHS = "\"Studyborne2/Preview Content\"";
				DEVELOPMENT_TEAM = 75C536NW4W;
				ENABLE_PREVIEWS = YES;
				INFOPLIST_FILE = Studyborne2/Info.plist;
				LD_RUNPATH_SEARCH_PATHS = (
					"$(inherited)",
					"@executable_path/Frameworks",
				);
				PRODUCT_BUNDLE_IDENTIFIER = Fricsion.Studyborne2;
				PRODUCT_NAME = "$(TARGET_NAME)";
				SWIFT_VERSION = 5.0;
				TARGETED_DEVICE_FAMILY = "1,2";
			};
			name = Debug;
		};
		28ED590823B791FC00B91A80 /* Release */ = {
			isa = XCBuildConfiguration;
			buildSettings = {
				ASSETCATALOG_COMPILER_APPICON_NAME = AppIcon;
				CODE_SIGN_STYLE = Automatic;
				DEVELOPMENT_ASSET_PATHS = "\"Studyborne2/Preview Content\"";
				DEVELOPMENT_TEAM = 75C536NW4W;
				ENABLE_PREVIEWS = YES;
				INFOPLIST_FILE = Studyborne2/Info.plist;
				LD_RUNPATH_SEARCH_PATHS = (
					"$(inherited)",
					"@executable_path/Frameworks",
				);
				PRODUCT_BUNDLE_IDENTIFIER = Fricsion.Studyborne2;
				PRODUCT_NAME = "$(TARGET_NAME)";
				SWIFT_VERSION = 5.0;
				TARGETED_DEVICE_FAMILY = "1,2";
			};
			name = Release;
		};
/* End XCBuildConfiguration section */

/* Begin XCConfigurationList section */
		28ED58ED23B791F900B91A80 /* Build configuration list for PBXProject "Studyborne2" */ = {
			isa = XCConfigurationList;
			buildConfigurations = (
				28ED590423B791FC00B91A80 /* Debug */,
				28ED590523B791FC00B91A80 /* Release */,
			);
			defaultConfigurationIsVisible = 0;
			defaultConfigurationName = Release;
		};
		28ED590623B791FC00B91A80 /* Build configuration list for PBXNativeTarget "Studyborne2" */ = {
			isa = XCConfigurationList;
			buildConfigurations = (
				28ED590723B791FC00B91A80 /* Debug */,
				28ED590823B791FC00B91A80 /* Release */,
			);
			defaultConfigurationIsVisible = 0;
			defaultConfigurationName = Release;
		};
/* End XCConfigurationList section */
	};
	rootObject = 28ED58EA23B791F900B91A80 /* Project object */;
}
