// !$*UTF8*$!
{
	archiveVersion = 1;
	classes = {
	};
	objectVersion = 50;
	objects = {

/* Begin PBXBuildFile section */
		281C583823B822060077F951 /* UserDataAccessible.swift in Sources */ = {isa = PBXBuildFile; fileRef = 281C583723B822060077F951 /* UserDataAccessible.swift */; };
		281C583A23B828C20077F951 /* EncourageView.swift in Sources */ = {isa = PBXBuildFile; fileRef = 281C583923B828C20077F951 /* EncourageView.swift */; };
		281C583C23B8E6A60077F951 /* HeaderView.swift in Sources */ = {isa = PBXBuildFile; fileRef = 281C583B23B8E6A60077F951 /* HeaderView.swift */; };
		281C584223BA015A0077F951 /* CommunicationUnit.swift in Sources */ = {isa = PBXBuildFile; fileRef = 281C584123BA015A0077F951 /* CommunicationUnit.swift */; };
		281E650423E1E3ED009CE1F7 /* ScheduleSummary.swift in Sources */ = {isa = PBXBuildFile; fileRef = 281E650323E1E3ED009CE1F7 /* ScheduleSummary.swift */; };
		281E650723E1E65A009CE1F7 /* AddSubject.swift in Sources */ = {isa = PBXBuildFile; fileRef = 281E650623E1E65A009CE1F7 /* AddSubject.swift */; };
		28607AB223D8A064004BF952 /* ConfirmSubjectView.swift in Sources */ = {isa = PBXBuildFile; fileRef = 28607AB123D8A064004BF952 /* ConfirmSubjectView.swift */; };
		28607AB523D8A7D5004BF952 /* ScheduleEditorView.swift in Sources */ = {isa = PBXBuildFile; fileRef = 28607AB423D8A7D5004BF952 /* ScheduleEditorView.swift */; };
		28635F0123CB58FA00F3AED5 /* StopWatch.swift in Sources */ = {isa = PBXBuildFile; fileRef = 28635F0023CB58FA00F3AED5 /* StopWatch.swift */; };
		289040BA23D43777003F5A9E /* ProfileHost.swift in Sources */ = {isa = PBXBuildFile; fileRef = 289040B923D43777003F5A9E /* ProfileHost.swift */; };
		289040BC23D43819003F5A9E /* ProfileSummary.swift in Sources */ = {isa = PBXBuildFile; fileRef = 289040BB23D43819003F5A9E /* ProfileSummary.swift */; };
		289040BE23D43823003F5A9E /* ProfileEditor.swift in Sources */ = {isa = PBXBuildFile; fileRef = 289040BD23D43823003F5A9E /* ProfileEditor.swift */; };
		28C39F4123BA39CA00AD0294 /* sampledata.json in Resources */ = {isa = PBXBuildFile; fileRef = 28C39F4023BA39CA00AD0294 /* sampledata.json */; };
		28C39F4523BC3DAA00AD0294 /* RecordTable.swift in Sources */ = {isa = PBXBuildFile; fileRef = 28C39F4423BC3DAA00AD0294 /* RecordTable.swift */; };
		28C39F4723BC415200AD0294 /* ToolsView.swift in Sources */ = {isa = PBXBuildFile; fileRef = 28C39F4623BC415200AD0294 /* ToolsView.swift */; };
		28C39F4923BC711000AD0294 /* StopwatchView.swift in Sources */ = {isa = PBXBuildFile; fileRef = 28C39F4823BC711000AD0294 /* StopwatchView.swift */; };
		28C39F4B23BCCE8C00AD0294 /* AnalogStopwatch.swift in Sources */ = {isa = PBXBuildFile; fileRef = 28C39F4A23BCCE8C00AD0294 /* AnalogStopwatch.swift */; };
		28CA3F2923CDF46A00BD6C0A /* Timer_EndedView.swift in Sources */ = {isa = PBXBuildFile; fileRef = 28CA3F2823CDF46A00BD6C0A /* Timer_EndedView.swift */; };
		28CA3F2B23CDF55F00BD6C0A /* ConfirmView.swift in Sources */ = {isa = PBXBuildFile; fileRef = 28CA3F2A23CDF55F00BD6C0A /* ConfirmView.swift */; };
		28D175D423DF2FA300CE3C08 /* ScheduleData.json in Resources */ = {isa = PBXBuildFile; fileRef = 28D175D323DF2FA300CE3C08 /* ScheduleData.json */; };
		28D175D623DF337900CE3C08 /* MyScheduleSt.swift in Sources */ = {isa = PBXBuildFile; fileRef = 28D175D523DF337900CE3C08 /* MyScheduleSt.swift */; };
		28DDCEE423C9D0010062E209 /* MyMethod.swift in Sources */ = {isa = PBXBuildFile; fileRef = 28DDCEE323C9D0010062E209 /* MyMethod.swift */; };
		28DDCEE623C9E13A0062E209 /* ArcView.swift in Sources */ = {isa = PBXBuildFile; fileRef = 28DDCEE523C9E13A0062E209 /* ArcView.swift */; };
		28ED58F623B791F900B91A80 /* AppDelegate.swift in Sources */ = {isa = PBXBuildFile; fileRef = 28ED58F523B791F900B91A80 /* AppDelegate.swift */; };
		28ED58F823B791F900B91A80 /* SceneDelegate.swift in Sources */ = {isa = PBXBuildFile; fileRef = 28ED58F723B791F900B91A80 /* SceneDelegate.swift */; };
		28ED58FA23B791F900B91A80 /* ContentView.swift in Sources */ = {isa = PBXBuildFile; fileRef = 28ED58F923B791F900B91A80 /* ContentView.swift */; };
		28ED58FC23B791FC00B91A80 /* Assets.xcassets in Resources */ = {isa = PBXBuildFile; fileRef = 28ED58FB23B791FC00B91A80 /* Assets.xcassets */; };
		28ED58FF23B791FC00B91A80 /* Preview Assets.xcassets in Resources */ = {isa = PBXBuildFile; fileRef = 28ED58FE23B791FC00B91A80 /* Preview Assets.xcassets */; };
		28ED590223B791FC00B91A80 /* LaunchScreen.storyboard in Resources */ = {isa = PBXBuildFile; fileRef = 28ED590023B791FC00B91A80 /* LaunchScreen.storyboard */; };
		28ED590B23B7943600B91A80 /* profile.json in Resources */ = {isa = PBXBuildFile; fileRef = 28ED590A23B7943600B91A80 /* profile.json */; };
		28ED590D23B7944800B91A80 /* SubjectData.json in Resources */ = {isa = PBXBuildFile; fileRef = 28ED590C23B7944800B91A80 /* SubjectData.json */; };
		28ED591023B7951E00B91A80 /* loadJsonData.swift in Sources */ = {isa = PBXBuildFile; fileRef = 28ED590F23B7951E00B91A80 /* loadJsonData.swift */; };
		28ED591223B7968D00B91A80 /* ProfileSt.swift in Sources */ = {isa = PBXBuildFile; fileRef = 28ED591123B7968D00B91A80 /* ProfileSt.swift */; };
		28ED591423B7976E00B91A80 /* MySubjectsSt.swift in Sources */ = {isa = PBXBuildFile; fileRef = 28ED591323B7976E00B91A80 /* MySubjectsSt.swift */; };
		28ED591623B79A3C00B91A80 /* SubjectRow.swift in Sources */ = {isa = PBXBuildFile; fileRef = 28ED591523B79A3C00B91A80 /* SubjectRow.swift */; };
		28ED591823B7A0F700B91A80 /* SubjectList.swift in Sources */ = {isa = PBXBuildFile; fileRef = 28ED591723B7A0F700B91A80 /* SubjectList.swift */; };
/* End PBXBuildFile section */

/* Begin PBXFileReference section */
		28065E4E23D5F55500236796 /* Studyborne2.entitlements */ = {isa = PBXFileReference; lastKnownFileType = text.plist.entitlements; path = Studyborne2.entitlements; sourceTree = "<group>"; };
		281C583723B822060077F951 /* UserDataAccessible.swift */ = {isa = PBXFileReference; lastKnownFileType = sourcecode.swift; path = UserDataAccessible.swift; sourceTree = "<group>"; };
		281C583923B828C20077F951 /* EncourageView.swift */ = {isa = PBXFileReference; lastKnownFileType = sourcecode.swift; path = EncourageView.swift; sourceTree = "<group>"; };
		281C583B23B8E6A60077F951 /* HeaderView.swift */ = {isa = PBXFileReference; lastKnownFileType = sourcecode.swift; path = HeaderView.swift; sourceTree = "<group>"; };
		281C584123BA015A0077F951 /* CommunicationUnit.swift */ = {isa = PBXFileReference; lastKnownFileType = sourcecode.swift; path = CommunicationUnit.swift; sourceTree = "<group>"; };
		281E650323E1E3ED009CE1F7 /* ScheduleSummary.swift */ = {isa = PBXFileReference; lastKnownFileType = sourcecode.swift; path = ScheduleSummary.swift; sourceTree = "<group>"; };
		281E650623E1E65A009CE1F7 /* AddSubject.swift */ = {isa = PBXFileReference; lastKnownFileType = sourcecode.swift; path = AddSubject.swift; sourceTree = "<group>"; };
		28607AB123D8A064004BF952 /* ConfirmSubjectView.swift */ = {isa = PBXFileReference; lastKnownFileType = sourcecode.swift; path = ConfirmSubjectView.swift; sourceTree = "<group>"; };
		28607AB423D8A7D5004BF952 /* ScheduleEditorView.swift */ = {isa = PBXFileReference; lastKnownFileType = sourcecode.swift; path = ScheduleEditorView.swift; sourceTree = "<group>"; };
		28635F0023CB58FA00F3AED5 /* StopWatch.swift */ = {isa = PBXFileReference; lastKnownFileType = sourcecode.swift; path = StopWatch.swift; sourceTree = "<group>"; };
		289040B923D43777003F5A9E /* ProfileHost.swift */ = {isa = PBXFileReference; lastKnownFileType = sourcecode.swift; path = ProfileHost.swift; sourceTree = "<group>"; };
		289040BB23D43819003F5A9E /* ProfileSummary.swift */ = {isa = PBXFileReference; lastKnownFileType = sourcecode.swift; path = ProfileSummary.swift; sourceTree = "<group>"; };
		289040BD23D43823003F5A9E /* ProfileEditor.swift */ = {isa = PBXFileReference; lastKnownFileType = sourcecode.swift; path = ProfileEditor.swift; sourceTree = "<group>"; };
		28C39F4023BA39CA00AD0294 /* sampledata.json */ = {isa = PBXFileReference; lastKnownFileType = text.json; path = sampledata.json; sourceTree = "<group>"; };
		28C39F4423BC3DAA00AD0294 /* RecordTable.swift */ = {isa = PBXFileReference; lastKnownFileType = sourcecode.swift; path = RecordTable.swift; sourceTree = "<group>"; };
		28C39F4623BC415200AD0294 /* ToolsView.swift */ = {isa = PBXFileReference; lastKnownFileType = sourcecode.swift; path = ToolsView.swift; sourceTree = "<group>"; };
		28C39F4823BC711000AD0294 /* StopwatchView.swift */ = {isa = PBXFileReference; lastKnownFileType = sourcecode.swift; path = StopwatchView.swift; sourceTree = "<group>"; };
		28C39F4A23BCCE8C00AD0294 /* AnalogStopwatch.swift */ = {isa = PBXFileReference; lastKnownFileType = sourcecode.swift; path = AnalogStopwatch.swift; sourceTree = "<group>"; };
		28CA3F2823CDF46A00BD6C0A /* Timer_EndedView.swift */ = {isa = PBXFileReference; lastKnownFileType = sourcecode.swift; path = Timer_EndedView.swift; sourceTree = "<group>"; };
		28CA3F2A23CDF55F00BD6C0A /* ConfirmView.swift */ = {isa = PBXFileReference; lastKnownFileType = sourcecode.swift; path = ConfirmView.swift; sourceTree = "<group>"; };
		28D175D323DF2FA300CE3C08 /* ScheduleData.json */ = {isa = PBXFileReference; lastKnownFileType = text.json; path = ScheduleData.json; sourceTree = "<group>"; };
		28D175D523DF337900CE3C08 /* MyScheduleSt.swift */ = {isa = PBXFileReference; lastKnownFileType = sourcecode.swift; path = MyScheduleSt.swift; sourceTree = "<group>"; };
		28DDCEE323C9D0010062E209 /* MyMethod.swift */ = {isa = PBXFileReference; lastKnownFileType = sourcecode.swift; path = MyMethod.swift; sourceTree = "<group>"; };
		28DDCEE523C9E13A0062E209 /* ArcView.swift */ = {isa = PBXFileReference; lastKnownFileType = sourcecode.swift; path = ArcView.swift; sourceTree = "<group>"; };
		28ED58F223B791F900B91A80 /* Studyborne2.app */ = {isa = PBXFileReference; explicitFileType = wrapper.application; includeInIndex = 0; path = Studyborne2.app; sourceTree = BUILT_PRODUCTS_DIR; };
		28ED58F523B791F900B91A80 /* AppDelegate.swift */ = {isa = PBXFileReference; lastKnownFileType = sourcecode.swift; path = AppDelegate.swift; sourceTree = "<group>"; };
		28ED58F723B791F900B91A80 /* SceneDelegate.swift */ = {isa = PBXFileReference; lastKnownFileType = sourcecode.swift; path = SceneDelegate.swift; sourceTree = "<group>"; };
		28ED58F923B791F900B91A80 /* ContentView.swift */ = {isa = PBXFileReference; lastKnownFileType = sourcecode.swift; path = ContentView.swift; sourceTree = "<group>"; };
		28ED58FB23B791FC00B91A80 /* Assets.xcassets */ = {isa = PBXFileReference; lastKnownFileType = folder.assetcatalog; path = Assets.xcassets; sourceTree = "<group>"; };
		28ED58FE23B791FC00B91A80 /* Preview Assets.xcassets */ = {isa = PBXFileReference; lastKnownFileType = folder.assetcatalog; path = "Preview Assets.xcassets"; sourceTree = "<group>"; };
		28ED590123B791FC00B91A80 /* Base */ = {isa = PBXFileReference; lastKnownFileType = file.storyboard; name = Base; path = Base.lproj/LaunchScreen.storyboard; sourceTree = "<group>"; };
		28ED590323B791FC00B91A80 /* Info.plist */ = {isa = PBXFileReference; lastKnownFileType = text.plist.xml; path = Info.plist; sourceTree = "<group>"; };
		28ED590A23B7943600B91A80 /* profile.json */ = {isa = PBXFileReference; lastKnownFileType = text.json; path = profile.json; sourceTree = "<group>"; };
		28ED590C23B7944800B91A80 /* SubjectData.json */ = {isa = PBXFileReference; lastKnownFileType = text.json; path = SubjectData.json; sourceTree = "<group>"; };
		28ED590F23B7951E00B91A80 /* loadJsonData.swift */ = {isa = PBXFileReference; lastKnownFileType = sourcecode.swift; path = loadJsonData.swift; sourceTree = "<group>"; };
		28ED591123B7968D00B91A80 /* ProfileSt.swift */ = {isa = PBXFileReference; lastKnownFileType = sourcecode.swift; path = ProfileSt.swift; sourceTree = "<group>"; };
		28ED591323B7976E00B91A80 /* MySubjectsSt.swift */ = {isa = PBXFileReference; lastKnownFileType = sourcecode.swift; path = MySubjectsSt.swift; sourceTree = "<group>"; };
		28ED591523B79A3C00B91A80 /* SubjectRow.swift */ = {isa = PBXFileReference; lastKnownFileType = sourcecode.swift; path = SubjectRow.swift; sourceTree = "<group>"; };
		28ED591723B7A0F700B91A80 /* SubjectList.swift */ = {isa = PBXFileReference; lastKnownFileType = sourcecode.swift; path = SubjectList.swift; sourceTree = "<group>"; };
/* End PBXFileReference section */

/* Begin PBXFrameworksBuildPhase section */
		28ED58EF23B791F900B91A80 /* Frameworks */ = {
			isa = PBXFrameworksBuildPhase;
			buildActionMask = 2147483647;
			files = (
			);
			runOnlyForDeploymentPostprocessing = 0;
		};
/* End PBXFrameworksBuildPhase section */

/* Begin PBXGroup section */
		281E650523E1E587009CE1F7 /* Subject */ = {
			isa = PBXGroup;
			children = (
				281E650623E1E65A009CE1F7 /* AddSubject.swift */,
				28ED591723B7A0F700B91A80 /* SubjectList.swift */,
				28ED591523B79A3C00B91A80 /* SubjectRow.swift */,
			);
			path = Subject;
			sourceTree = "<group>";
		};
		28607AB023D8A023004BF952 /* SubjectRelatives */ = {
			isa = PBXGroup;
			children = (
				28607AB123D8A064004BF952 /* ConfirmSubjectView.swift */,
			);
			path = SubjectRelatives;
			sourceTree = "<group>";
		};
		289040B823D43767003F5A9E /* Profile */ = {
			isa = PBXGroup;
			children = (
				281C583B23B8E6A60077F951 /* HeaderView.swift */,
				289040B923D43777003F5A9E /* ProfileHost.swift */,
				289040BB23D43819003F5A9E /* ProfileSummary.swift */,
				289040BD23D43823003F5A9E /* ProfileEditor.swift */,
			);
			path = Profile;
			sourceTree = "<group>";
		};
		28E16D6823D08679006096E4 /* Tools */ = {
			isa = PBXGroup;
			children = (
				28C39F4823BC711000AD0294 /* StopwatchView.swift */,
				28C39F4A23BCCE8C00AD0294 /* AnalogStopwatch.swift */,
				28DDCEE523C9E13A0062E209 /* ArcView.swift */,
				28CA3F2823CDF46A00BD6C0A /* Timer_EndedView.swift */,
				28CA3F2A23CDF55F00BD6C0A /* ConfirmView.swift */,
			);
			path = Tools;
			sourceTree = "<group>";
		};
		28E16D6923D086C2006096E4 /* Schedule */ = {
			isa = PBXGroup;
			children = (
				28607AB423D8A7D5004BF952 /* ScheduleEditorView.swift */,
				281E650323E1E3ED009CE1F7 /* ScheduleSummary.swift */,
			);
			path = Schedule;
			sourceTree = "<group>";
		};
		28ED58E923B791F900B91A80 = {
			isa = PBXGroup;
			children = (
				28ED58F423B791F900B91A80 /* Studyborne2 */,
				28ED58F323B791F900B91A80 /* Products */,
			);
			sourceTree = "<group>";
		};
		28ED58F323B791F900B91A80 /* Products */ = {
			isa = PBXGroup;
			children = (
				28ED58F223B791F900B91A80 /* Studyborne2.app */,
			);
			name = Products;
			sourceTree = "<group>";
		};
		28ED58F423B791F900B91A80 /* Studyborne2 */ = {
			isa = PBXGroup;
			children = (
				28065E4E23D5F55500236796 /* Studyborne2.entitlements */,
				28ED58F523B791F900B91A80 /* AppDelegate.swift */,
				28ED58F723B791F900B91A80 /* SceneDelegate.swift */,
				281C583923B828C20077F951 /* EncourageView.swift */,
				28ED58F923B791F900B91A80 /* ContentView.swift */,
				289040B823D43767003F5A9E /* Profile */,
				28E16D6923D086C2006096E4 /* Schedule */,
				281E650523E1E587009CE1F7 /* Subject */,
				28C39F4423BC3DAA00AD0294 /* RecordTable.swift */,
				28C39F4623BC415200AD0294 /* ToolsView.swift */,
				28607AB023D8A023004BF952 /* SubjectRelatives */,
				28E16D6823D08679006096E4 /* Tools */,
				28ED590E23B794F200B91A80 /* Scripts & Data */,
				28ED590923B7941E00B91A80 /* Resource */,
				28ED58FB23B791FC00B91A80 /* Assets.xcassets */,
				28ED590023B791FC00B91A80 /* LaunchScreen.storyboard */,
				28ED590323B791FC00B91A80 /* Info.plist */,
				28ED58FD23B791FC00B91A80 /* Preview Content */,
			);
			path = Studyborne2;
			sourceTree = "<group>";
		};
		28ED58FD23B791FC00B91A80 /* Preview Content */ = {
			isa = PBXGroup;
			children = (
				28ED58FE23B791FC00B91A80 /* Preview Assets.xcassets */,
			);
			path = "Preview Content";
			sourceTree = "<group>";
		};
		28ED590923B7941E00B91A80 /* Resource */ = {
			isa = PBXGroup;
			children = (
				28ED590A23B7943600B91A80 /* profile.json */,
				28C39F4023BA39CA00AD0294 /* sampledata.json */,
				28ED590C23B7944800B91A80 /* SubjectData.json */,
				28D175D323DF2FA300CE3C08 /* ScheduleData.json */,
			);
			path = Resource;
			sourceTree = "<group>";
		};
		28ED590E23B794F200B91A80 /* Scripts & Data */ = {
			isa = PBXGroup;
			children = (
				281C583723B822060077F951 /* UserDataAccessible.swift */,
				28ED590F23B7951E00B91A80 /* loadJsonData.swift */,
				28DDCEE323C9D0010062E209 /* MyMethod.swift */,
				28635F0023CB58FA00F3AED5 /* StopWatch.swift */,
				28ED591123B7968D00B91A80 /* ProfileSt.swift */,
				28ED591323B7976E00B91A80 /* MySubjectsSt.swift */,
				28D175D523DF337900CE3C08 /* MyScheduleSt.swift */,
				281C584123BA015A0077F951 /* CommunicationUnit.swift */,
			);
			path = "Scripts & Data";
			sourceTree = "<group>";
		};
/* End PBXGroup section */

/* Begin PBXNativeTarget section */
		28ED58F123B791F900B91A80 /* Studyborne2 */ = {
			isa = PBXNativeTarget;
			buildConfigurationList = 28ED590623B791FC00B91A80 /* Build configuration list for PBXNativeTarget "Studyborne2" */;
			buildPhases = (
				28ED58EE23B791F900B91A80 /* Sources */,
				28ED58EF23B791F900B91A80 /* Frameworks */,
				28ED58F023B791F900B91A80 /* Resources */,
			);
			buildRules = (
			);
			dependencies = (
			);
			name = Studyborne2;
			productName = Studyborne2;
			productReference = 28ED58F223B791F900B91A80 /* Studyborne2.app */;
			productType = "com.apple.product-type.application";
		};
/* End PBXNativeTarget section */

/* Begin PBXProject section */
		28ED58EA23B791F900B91A80 /* Project object */ = {
			isa = PBXProject;
			attributes = {
				LastSwiftUpdateCheck = 1130;
				LastUpgradeCheck = 1130;
				ORGANIZATIONNAME = Tix;
				TargetAttributes = {
					28ED58F123B791F900B91A80 = {
						CreatedOnToolsVersion = 11.3;
					};
				};
			};
			buildConfigurationList = 28ED58ED23B791F900B91A80 /* Build configuration list for PBXProject "Studyborne2" */;
			compatibilityVersion = "Xcode 9.3";
			developmentRegion = en;
			hasScannedForEncodings = 0;
			knownRegions = (
				en,
				Base,
			);
			mainGroup = 28ED58E923B791F900B91A80;
			productRefGroup = 28ED58F323B791F900B91A80 /* Products */;
			projectDirPath = "";
			projectRoot = "";
			targets = (
				28ED58F123B791F900B91A80 /* Studyborne2 */,
			);
		};
/* End PBXProject section */

/* Begin PBXResourcesBuildPhase section */
		28ED58F023B791F900B91A80 /* Resources */ = {
			isa = PBXResourcesBuildPhase;
			buildActionMask = 2147483647;
			files = (
				28ED590223B791FC00B91A80 /* LaunchScreen.storyboard in Resources */,
				28ED58FF23B791FC00B91A80 /* Preview Assets.xcassets in Resources */,
				28C39F4123BA39CA00AD0294 /* sampledata.json in Resources */,
				28ED590B23B7943600B91A80 /* profile.json in Resources */,
				28ED58FC23B791FC00B91A80 /* Assets.xcassets in Resources */,
				28ED590D23B7944800B91A80 /* SubjectData.json in Resources */,
				28D175D423DF2FA300CE3C08 /* ScheduleData.json in Resources */,
			);
			runOnlyForDeploymentPostprocessing = 0;
		};
/* End PBXResourcesBuildPhase section */

/* Begin PBXSourcesBuildPhase section */
		28ED58EE23B791F900B91A80 /* Sources */ = {
			isa = PBXSourcesBuildPhase;
			buildActionMask = 2147483647;
			files = (
				281C584223BA015A0077F951 /* CommunicationUnit.swift in Sources */,
				28ED591823B7A0F700B91A80 /* SubjectList.swift in Sources */,
				289040BE23D43823003F5A9E /* ProfileEditor.swift in Sources */,
				28C39F4723BC415200AD0294 /* ToolsView.swift in Sources */,
				281E650723E1E65A009CE1F7 /* AddSubject.swift in Sources */,
				289040BA23D43777003F5A9E /* ProfileHost.swift in Sources */,
				28DDCEE423C9D0010062E209 /* MyMethod.swift in Sources */,
				28ED58F623B791F900B91A80 /* AppDelegate.swift in Sources */,
				28ED58F823B791F900B91A80 /* SceneDelegate.swift in Sources */,
				28607AB223D8A064004BF952 /* ConfirmSubjectView.swift in Sources */,
				281C583823B822060077F951 /* UserDataAccessible.swift in Sources */,
				28ED58FA23B791F900B91A80 /* ContentView.swift in Sources */,
				28ED591223B7968D00B91A80 /* ProfileSt.swift in Sources */,
				28C39F4923BC711000AD0294 /* StopwatchView.swift in Sources */,
				28ED591423B7976E00B91A80 /* MySubjectsSt.swift in Sources */,
				28CA3F2923CDF46A00BD6C0A /* Timer_EndedView.swift in Sources */,
				281C583C23B8E6A60077F951 /* HeaderView.swift in Sources */,
				28D175D623DF337900CE3C08 /* MyScheduleSt.swift in Sources */,
				289040BC23D43819003F5A9E /* ProfileSummary.swift in Sources */,
				28607AB523D8A7D5004BF952 /* ScheduleEditorView.swift in Sources */,
				28ED591023B7951E00B91A80 /* loadJsonData.swift in Sources */,
				281C583A23B828C20077F951 /* EncourageView.swift in Sources */,
				28C39F4523BC3DAA00AD0294 /* RecordTable.swift in Sources */,
				28DDCEE623C9E13A0062E209 /* ArcView.swift in Sources */,
				281E650423E1E3ED009CE1F7 /* ScheduleSummary.swift in Sources */,
				28CA3F2B23CDF55F00BD6C0A /* ConfirmView.swift in Sources */,
				28635F0123CB58FA00F3AED5 /* StopWatch.swift in Sources */,
				28ED591623B79A3C00B91A80 /* SubjectRow.swift in Sources */,
				28C39F4B23BCCE8C00AD0294 /* AnalogStopwatch.swift in Sources */,
			);
			runOnlyForDeploymentPostprocessing = 0;
		};
/* End PBXSourcesBuildPhase section */

/* Begin PBXVariantGroup section */
		28ED590023B791FC00B91A80 /* LaunchScreen.storyboard */ = {
			isa = PBXVariantGroup;
			children = (
				28ED590123B791FC00B91A80 /* Base */,
			);
			name = LaunchScreen.storyboard;
			sourceTree = "<group>";
		};
/* End PBXVariantGroup section */

/* Begin XCBuildConfiguration section */
		28ED590423B791FC00B91A80 /* Debug */ = {
			isa = XCBuildConfiguration;
			buildSettings = {
				ALWAYS_SEARCH_USER_PATHS = NO;
				CLANG_ANALYZER_NONNULL = YES;
				CLANG_ANALYZER_NUMBER_OBJECT_CONVERSION = YES_AGGRESSIVE;
				CLANG_CXX_LANGUAGE_STANDARD = "gnu++14";
				CLANG_CXX_LIBRARY = "libc++";
				CLANG_ENABLE_MODULES = YES;
				CLANG_ENABLE_OBJC_ARC = YES;
				CLANG_ENABLE_OBJC_WEAK = YES;
				CLANG_WARN_BLOCK_CAPTURE_AUTORELEASING = YES;
				CLANG_WARN_BOOL_CONVERSION = YES;
				CLANG_WARN_COMMA = YES;
				CLANG_WARN_CONSTANT_CONVERSION = YES;
				CLANG_WARN_DEPRECATED_OBJC_IMPLEMENTATIONS = YES;
				CLANG_WARN_DIRECT_OBJC_ISA_USAGE = YES_ERROR;
				CLANG_WARN_DOCUMENTATION_COMMENTS = YES;
				CLANG_WARN_EMPTY_BODY = YES;
				CLANG_WARN_ENUM_CONVERSION = YES;
				CLANG_WARN_INFINITE_RECURSION = YES;
				CLANG_WARN_INT_CONVERSION = YES;
				CLANG_WARN_NON_LITERAL_NULL_CONVERSION = YES;
				CLANG_WARN_OBJC_IMPLICIT_RETAIN_SELF = YES;
				CLANG_WARN_OBJC_LITERAL_CONVERSION = YES;
				CLANG_WARN_OBJC_ROOT_CLASS = YES_ERROR;
				CLANG_WARN_RANGE_LOOP_ANALYSIS = YES;
				CLANG_WARN_STRICT_PROTOTYPES = YES;
				CLANG_WARN_SUSPICIOUS_MOVE = YES;
				CLANG_WARN_UNGUARDED_AVAILABILITY = YES_AGGRESSIVE;
				CLANG_WARN_UNREACHABLE_CODE = YES;
				CLANG_WARN__DUPLICATE_METHOD_MATCH = YES;
				COPY_PHASE_STRIP = NO;
				DEBUG_INFORMATION_FORMAT = dwarf;
				ENABLE_STRICT_OBJC_MSGSEND = YES;
				ENABLE_TESTABILITY = YES;
				GCC_C_LANGUAGE_STANDARD = gnu11;
				GCC_DYNAMIC_NO_PIC = NO;
				GCC_NO_COMMON_BLOCKS = YES;
				GCC_OPTIMIZATION_LEVEL = 0;
				GCC_PREPROCESSOR_DEFINITIONS = (
					"DEBUG=1",
					"$(inherited)",
				);
				GCC_WARN_64_TO_32_BIT_CONVERSION = YES;
				GCC_WARN_ABOUT_RETURN_TYPE = YES_ERROR;
				GCC_WARN_UNDECLARED_SELECTOR = YES;
				GCC_WARN_UNINITIALIZED_AUTOS = YES_AGGRESSIVE;
				GCC_WARN_UNUSED_FUNCTION = YES;
				GCC_WARN_UNUSED_VARIABLE = YES;
				IPHONEOS_DEPLOYMENT_TARGET = 13.2;
				MTL_ENABLE_DEBUG_INFO = INCLUDE_SOURCE;
				MTL_FAST_MATH = YES;
				ONLY_ACTIVE_ARCH = YES;
				SDKROOT = iphoneos;
				SWIFT_ACTIVE_COMPILATION_CONDITIONS = DEBUG;
				SWIFT_OPTIMIZATION_LEVEL = "-Onone";
			};
			name = Debug;
		};
		28ED590523B791FC00B91A80 /* Release */ = {
			isa = XCBuildConfiguration;
			buildSettings = {
				ALWAYS_SEARCH_USER_PATHS = NO;
				CLANG_ANALYZER_NONNULL = YES;
				CLANG_ANALYZER_NUMBER_OBJECT_CONVERSION = YES_AGGRESSIVE;
				CLANG_CXX_LANGUAGE_STANDARD = "gnu++14";
				CLANG_CXX_LIBRARY = "libc++";
				CLANG_ENABLE_MODULES = YES;
				CLANG_ENABLE_OBJC_ARC = YES;
				CLANG_ENABLE_OBJC_WEAK = YES;
				CLANG_WARN_BLOCK_CAPTURE_AUTORELEASING = YES;
				CLANG_WARN_BOOL_CONVERSION = YES;
				CLANG_WARN_COMMA = YES;
				CLANG_WARN_CONSTANT_CONVERSION = YES;
				CLANG_WARN_DEPRECATED_OBJC_IMPLEMENTATIONS = YES;
				CLANG_WARN_DIRECT_OBJC_ISA_USAGE = YES_ERROR;
				CLANG_WARN_DOCUMENTATION_COMMENTS = YES;
				CLANG_WARN_EMPTY_BODY = YES;
				CLANG_WARN_ENUM_CONVERSION = YES;
				CLANG_WARN_INFINITE_RECURSION = YES;
				CLANG_WARN_INT_CONVERSION = YES;
				CLANG_WARN_NON_LITERAL_NULL_CONVERSION = YES;
				CLANG_WARN_OBJC_IMPLICIT_RETAIN_SELF = YES;
				CLANG_WARN_OBJC_LITERAL_CONVERSION = YES;
				CLANG_WARN_OBJC_ROOT_CLASS = YES_ERROR;
				CLANG_WARN_RANGE_LOOP_ANALYSIS = YES;
				CLANG_WARN_STRICT_PROTOTYPES = YES;
				CLANG_WARN_SUSPICIOUS_MOVE = YES;
				CLANG_WARN_UNGUARDED_AVAILABILITY = YES_AGGRESSIVE;
				CLANG_WARN_UNREACHABLE_CODE = YES;
				CLANG_WARN__DUPLICATE_METHOD_MATCH = YES;
				COPY_PHASE_STRIP = NO;
				DEBUG_INFORMATION_FORMAT = "dwarf-with-dsym";
				ENABLE_NS_ASSERTIONS = NO;
				ENABLE_STRICT_OBJC_MSGSEND = YES;
				GCC_C_LANGUAGE_STANDARD = gnu11;
				GCC_NO_COMMON_BLOCKS = YES;
				GCC_WARN_64_TO_32_BIT_CONVERSION = YES;
				GCC_WARN_ABOUT_RETURN_TYPE = YES_ERROR;
				GCC_WARN_UNDECLARED_SELECTOR = YES;
				GCC_WARN_UNINITIALIZED_AUTOS = YES_AGGRESSIVE;
				GCC_WARN_UNUSED_FUNCTION = YES;
				GCC_WARN_UNUSED_VARIABLE = YES;
				IPHONEOS_DEPLOYMENT_TARGET = 13.2;
				MTL_ENABLE_DEBUG_INFO = NO;
				MTL_FAST_MATH = YES;
				SDKROOT = iphoneos;
				SWIFT_COMPILATION_MODE = wholemodule;
				SWIFT_OPTIMIZATION_LEVEL = "-O";
				VALIDATE_PRODUCT = YES;
			};
			name = Release;
		};
		28ED590723B791FC00B91A80 /* Debug */ = {
			isa = XCBuildConfiguration;
			buildSettings = {
				ASSETCATALOG_COMPILER_APPICON_NAME = AppIcon;
				CODE_SIGN_ENTITLEMENTS = Studyborne2/Studyborne2.entitlements;
				CODE_SIGN_STYLE = Automatic;
				DEVELOPMENT_ASSET_PATHS = "\"Studyborne2/Preview Content\"";
				DEVELOPMENT_TEAM = V35C94NUWB;
				ENABLE_PREVIEWS = YES;
				INFOPLIST_FILE = Studyborne2/Info.plist;
				LD_RUNPATH_SEARCH_PATHS = (
					"$(inherited)",
					"@executable_path/Frameworks",
				);
				PRODUCT_BUNDLE_IDENTIFIER = Fricsion.Studyborne2;
				PRODUCT_NAME = "$(TARGET_NAME)";
				SWIFT_VERSION = 5.0;
				TARGETED_DEVICE_FAMILY = "1,2";
			};
			name = Debug;
		};
		28ED590823B791FC00B91A80 /* Release */ = {
			isa = XCBuildConfiguration;
			buildSettings = {
				ASSETCATALOG_COMPILER_APPICON_NAME = AppIcon;
				CODE_SIGN_ENTITLEMENTS = Studyborne2/Studyborne2.entitlements;
				CODE_SIGN_STYLE = Automatic;
				DEVELOPMENT_ASSET_PATHS = "\"Studyborne2/Preview Content\"";
				DEVELOPMENT_TEAM = V35C94NUWB;
				ENABLE_PREVIEWS = YES;
				INFOPLIST_FILE = Studyborne2/Info.plist;
				LD_RUNPATH_SEARCH_PATHS = (
					"$(inherited)",
					"@executable_path/Frameworks",
				);
				PRODUCT_BUNDLE_IDENTIFIER = Fricsion.Studyborne2;
				PRODUCT_NAME = "$(TARGET_NAME)";
				SWIFT_VERSION = 5.0;
				TARGETED_DEVICE_FAMILY = "1,2";
			};
			name = Release;
		};
/* End XCBuildConfiguration section */

/* Begin XCConfigurationList section */
		28ED58ED23B791F900B91A80 /* Build configuration list for PBXProject "Studyborne2" */ = {
			isa = XCConfigurationList;
			buildConfigurations = (
				28ED590423B791FC00B91A80 /* Debug */,
				28ED590523B791FC00B91A80 /* Release */,
			);
			defaultConfigurationIsVisible = 0;
			defaultConfigurationName = Release;
		};
		28ED590623B791FC00B91A80 /* Build configuration list for PBXNativeTarget "Studyborne2" */ = {
			isa = XCConfigurationList;
			buildConfigurations = (
				28ED590723B791FC00B91A80 /* Debug */,
				28ED590823B791FC00B91A80 /* Release */,
			);
			defaultConfigurationIsVisible = 0;
			defaultConfigurationName = Release;
		};
/* End XCConfigurationList section */
	};
	rootObject = 28ED58EA23B791F900B91A80 /* Project object */;
}
